// !$*UTF8*$!
{
	archiveVersion = 1;
	classes = {
	};
	objectVersion = 46;
	objects = {

/* Begin PBXBuildFile section */
		CDE8E9081DADCF8F004FC6F2 /* AppDelegate.swift in Sources */ = {isa = PBXBuildFile; fileRef = CDE8E9071DADCF8F004FC6F2 /* AppDelegate.swift */; };
		CDE8E90A1DADCF8F004FC6F2 /* ViewController.swift in Sources */ = {isa = PBXBuildFile; fileRef = CDE8E9091DADCF8F004FC6F2 /* ViewController.swift */; };
		CDE8E90D1DADCF8F004FC6F2 /* Main.storyboard in Resources */ = {isa = PBXBuildFile; fileRef = CDE8E90B1DADCF8F004FC6F2 /* Main.storyboard */; };
		CDE8E90F1DADCF8F004FC6F2 /* Assets.xcassets in Resources */ = {isa = PBXBuildFile; fileRef = CDE8E90E1DADCF8F004FC6F2 /* Assets.xcassets */; };
		CDE8E9121DADCF8F004FC6F2 /* LaunchScreen.storyboard in Resources */ = {isa = PBXBuildFile; fileRef = CDE8E9101DADCF8F004FC6F2 /* LaunchScreen.storyboard */; };
/* End PBXBuildFile section */

/* Begin PBXFileReference section */
		CDE8E9041DADCF8F004FC6F2 /* World Socionics Society Sociotype Quiz.app */ = {isa = PBXFileReference; explicitFileType = wrapper.application; includeInIndex = 0; path = "World Socionics Society Sociotype Quiz.app"; sourceTree = BUILT_PRODUCTS_DIR; };
		CDE8E9071DADCF8F004FC6F2 /* AppDelegate.swift */ = {isa = PBXFileReference; lastKnownFileType = sourcecode.swift; path = AppDelegate.swift; sourceTree = "<group>"; };
		CDE8E9091DADCF8F004FC6F2 /* ViewController.swift */ = {isa = PBXFileReference; lastKnownFileType = sourcecode.swift; path = ViewController.swift; sourceTree = "<group>"; };
		CDE8E90C1DADCF8F004FC6F2 /* Base */ = {isa = PBXFileReference; lastKnownFileType = file.storyboard; name = Base; path = Base.lproj/Main.storyboard; sourceTree = "<group>"; };
		CDE8E90E1DADCF8F004FC6F2 /* Assets.xcassets */ = {isa = PBXFileReference; lastKnownFileType = folder.assetcatalog; path = Assets.xcassets; sourceTree = "<group>"; };
		CDE8E9111DADCF8F004FC6F2 /* Base */ = {isa = PBXFileReference; lastKnownFileType = file.storyboard; name = Base; path = Base.lproj/LaunchScreen.storyboard; sourceTree = "<group>"; };
		CDE8E9131DADCF8F004FC6F2 /* Info.plist */ = {isa = PBXFileReference; lastKnownFileType = text.plist.xml; path = Info.plist; sourceTree = "<group>"; };
/* End PBXFileReference section */

/* Begin PBXFrameworksBuildPhase section */
		CDE8E9011DADCF8F004FC6F2 /* Frameworks */ = {
			isa = PBXFrameworksBuildPhase;
			buildActionMask = 2147483647;
			files = (
			);
			runOnlyForDeploymentPostprocessing = 0;
		};
/* End PBXFrameworksBuildPhase section */

/* Begin PBXGroup section */
		CDE8E8FB1DADCF8F004FC6F2 = {
			isa = PBXGroup;
			children = (
				CDE8E9061DADCF8F004FC6F2 /* World Socionics Society Sociotype Quiz */,
				CDE8E9051DADCF8F004FC6F2 /* Products */,
			);
			sourceTree = "<group>";
		};
		CDE8E9051DADCF8F004FC6F2 /* Products */ = {
			isa = PBXGroup;
			children = (
				CDE8E9041DADCF8F004FC6F2 /* World Socionics Society Sociotype Quiz.app */,
			);
			name = Products;
			sourceTree = "<group>";
		};
		CDE8E9061DADCF8F004FC6F2 /* World Socionics Society Sociotype Quiz */ = {
			isa = PBXGroup;
			children = (
				CDE8E9071DADCF8F004FC6F2 /* AppDelegate.swift */,
				CDE8E9091DADCF8F004FC6F2 /* ViewController.swift */,
				CDE8E90B1DADCF8F004FC6F2 /* Main.storyboard */,
				CDE8E90E1DADCF8F004FC6F2 /* Assets.xcassets */,
				CDE8E9101DADCF8F004FC6F2 /* LaunchScreen.storyboard */,
				CDE8E9131DADCF8F004FC6F2 /* Info.plist */,
			);
			path = "World Socionics Society Sociotype Quiz";
			sourceTree = "<group>";
		};
/* End PBXGroup section */

/* Begin PBXNativeTarget section */
		CDE8E9031DADCF8F004FC6F2 /* World Socionics Society Sociotype Quiz */ = {
			isa = PBXNativeTarget;
			buildConfigurationList = CDE8E9161DADCF8F004FC6F2 /* Build configuration list for PBXNativeTarget "World Socionics Society Sociotype Quiz" */;
			buildPhases = (
				CDE8E9001DADCF8F004FC6F2 /* Sources */,
				CDE8E9011DADCF8F004FC6F2 /* Frameworks */,
				CDE8E9021DADCF8F004FC6F2 /* Resources */,
			);
			buildRules = (
			);
			dependencies = (
			);
			name = "World Socionics Society Sociotype Quiz";
			productName = "World Socionics Society Sociotype Quiz";
			productReference = CDE8E9041DADCF8F004FC6F2 /* World Socionics Society Sociotype Quiz.app */;
			productType = "com.apple.product-type.application";
		};
/* End PBXNativeTarget section */

/* Begin PBXProject section */
		CDE8E8FC1DADCF8F004FC6F2 /* Project object */ = {
			isa = PBXProject;
			attributes = {
				LastSwiftUpdateCheck = 0800;
				LastUpgradeCheck = 0800;
				ORGANIZATIONNAME = "Patrick Anderson";
				TargetAttributes = {
					CDE8E9031DADCF8F004FC6F2 = {
						CreatedOnToolsVersion = 8.0;
						DevelopmentTeam = 4R4HATU7N3;
						ProvisioningStyle = Automatic;
					};
				};
			};
			buildConfigurationList = CDE8E8FF1DADCF8F004FC6F2 /* Build configuration list for PBXProject "World Socionics Society Sociotype Quiz" */;
			compatibilityVersion = "Xcode 3.2";
			developmentRegion = English;
			hasScannedForEncodings = 0;
			knownRegions = (
				en,
				Base,
			);
			mainGroup = CDE8E8FB1DADCF8F004FC6F2;
			productRefGroup = CDE8E9051DADCF8F004FC6F2 /* Products */;
			projectDirPath = "";
			projectRoot = "";
			targets = (
				CDE8E9031DADCF8F004FC6F2 /* World Socionics Society Sociotype Quiz */,
			);
		};
/* End PBXProject section */

/* Begin PBXResourcesBuildPhase section */
		CDE8E9021DADCF8F004FC6F2 /* Resources */ = {
			isa = PBXResourcesBuildPhase;
			buildActionMask = 2147483647;
			files = (
				CDE8E9121DADCF8F004FC6F2 /* LaunchScreen.storyboard in Resources */,
				CDE8E90F1DADCF8F004FC6F2 /* Assets.xcassets in Resources */,
				CDE8E90D1DADCF8F004FC6F2 /* Main.storyboard in Resources */,
			);
			runOnlyForDeploymentPostprocessing = 0;
		};
/* End PBXResourcesBuildPhase section */

/* Begin PBXSourcesBuildPhase section */
		CDE8E9001DADCF8F004FC6F2 /* Sources */ = {
			isa = PBXSourcesBuildPhase;
			buildActionMask = 2147483647;
			files = (
				CDE8E90A1DADCF8F004FC6F2 /* ViewController.swift in Sources */,
				CDE8E9081DADCF8F004FC6F2 /* AppDelegate.swift in Sources */,
			);
			runOnlyForDeploymentPostprocessing = 0;
		};
/* End PBXSourcesBuildPhase section */

/* Begin PBXVariantGroup section */
		CDE8E90B1DADCF8F004FC6F2 /* Main.storyboard */ = {
			isa = PBXVariantGroup;
			children = (
				CDE8E90C1DADCF8F004FC6F2 /* Base */,
			);
			name = Main.storyboard;
			sourceTree = "<group>";
		};
		CDE8E9101DADCF8F004FC6F2 /* LaunchScreen.storyboard */ = {
			isa = PBXVariantGroup;
			children = (
				CDE8E9111DADCF8F004FC6F2 /* Base */,
			);
			name = LaunchScreen.storyboard;
			sourceTree = "<group>";
		};
/* End PBXVariantGroup section */

/* Begin XCBuildConfiguration section */
		CDE8E9141DADCF8F004FC6F2 /* Debug */ = {
			isa = XCBuildConfiguration;
			buildSettings = {
				ALWAYS_SEARCH_USER_PATHS = NO;
				CLANG_ANALYZER_NONNULL = YES;
				CLANG_CXX_LANGUAGE_STANDARD = "gnu++0x";
				CLANG_CXX_LIBRARY = "libc++";
				CLANG_ENABLE_MODULES = YES;
				CLANG_ENABLE_OBJC_ARC = YES;
				CLANG_WARN_BOOL_CONVERSION = YES;
				CLANG_WARN_CONSTANT_CONVERSION = YES;
				CLANG_WARN_DIRECT_OBJC_ISA_USAGE = YES_ERROR;
				CLANG_WARN_DOCUMENTATION_COMMENTS = YES;
				CLANG_WARN_EMPTY_BODY = YES;
				CLANG_WARN_ENUM_CONVERSION = YES;
				CLANG_WARN_INFINITE_RECURSION = YES;
				CLANG_WARN_INT_CONVERSION = YES;
				CLANG_WARN_OBJC_ROOT_CLASS = YES_ERROR;
				CLANG_WARN_SUSPICIOUS_MOVES = YES;
				CLANG_WARN_UNREACHABLE_CODE = YES;
				CLANG_WARN__DUPLICATE_METHOD_MATCH = YES;
				"CODE_SIGN_IDENTITY[sdk=iphoneos*]" = "iPhone Developer";
				COPY_PHASE_STRIP = NO;
				DEBUG_INFORMATION_FORMAT = dwarf;
				ENABLE_STRICT_OBJC_MSGSEND = YES;
				ENABLE_TESTABILITY = YES;
				GCC_C_LANGUAGE_STANDARD = gnu99;
				GCC_DYNAMIC_NO_PIC = NO;
				GCC_NO_COMMON_BLOCKS = YES;
				GCC_OPTIMIZATION_LEVEL = 0;
				GCC_PREPROCESSOR_DEFINITIONS = (
					"DEBUG=1",
					"$(inherited)",
				);
				GCC_WARN_64_TO_32_BIT_CONVERSION = YES;
				GCC_WARN_ABOUT_RETURN_TYPE = YES_ERROR;
				GCC_WARN_UNDECLARED_SELECTOR = YES;
				GCC_WARN_UNINITIALIZED_AUTOS = YES_AGGRESSIVE;
				GCC_WARN_UNUSED_FUNCTION = YES;
				GCC_WARN_UNUSED_VARIABLE = YES;
				IPHONEOS_DEPLOYMENT_TARGET = 10.0;
				MTL_ENABLE_DEBUG_INFO = YES;
				ONLY_ACTIVE_ARCH = YES;
				SDKROOT = iphoneos;
				SWIFT_ACTIVE_COMPILATION_CONDITIONS = DEBUG;
				SWIFT_OPTIMIZATION_LEVEL = "-Onone";
				TARGETED_DEVICE_FAMILY = "1,2";
			};
			name = Debug;
		};
		CDE8E9151DADCF8F004FC6F2 /* Release */ = {
			isa = XCBuildConfiguration;
			buildSettings = {
				ALWAYS_SEARCH_USER_PATHS = NO;
				CLANG_ANALYZER_NONNULL = YES;
				CLANG_CXX_LANGUAGE_STANDARD = "gnu++0x";
				CLANG_CXX_LIBRARY = "libc++";
				CLANG_ENABLE_MODULES = YES;
				CLANG_ENABLE_OBJC_ARC = YES;
				CLANG_WARN_BOOL_CONVERSION = YES;
				CLANG_WARN_CONSTANT_CONVERSION = YES;
				CLANG_WARN_DIRECT_OBJC_ISA_USAGE = YES_ERROR;
				CLANG_WARN_DOCUMENTATION_COMMENTS = YES;
				CLANG_WARN_EMPTY_BODY = YES;
				CLANG_WARN_ENUM_CONVERSION = YES;
				CLANG_WARN_INFINITE_RECURSION = YES;
				CLANG_WARN_INT_CONVERSION = YES;
				CLANG_WARN_OBJC_ROOT_CLASS = YES_ERROR;
				CLANG_WARN_SUSPICIOUS_MOVES = YES;
				CLANG_WARN_UNREACHABLE_CODE = YES;
				CLANG_WARN__DUPLICATE_METHOD_MATCH = YES;
				"CODE_SIGN_IDENTITY[sdk=iphoneos*]" = "iPhone Developer";
				COPY_PHASE_STRIP = NO;
				DEBUG_INFORMATION_FORMAT = "dwarf-with-dsym";
				ENABLE_NS_ASSERTIONS = NO;
				ENABLE_STRICT_OBJC_MSGSEND = YES;
				GCC_C_LANGUAGE_STANDARD = gnu99;
				GCC_NO_COMMON_BLOCKS = YES;
				GCC_WARN_64_TO_32_BIT_CONVERSION = YES;
				GCC_WARN_ABOUT_RETURN_TYPE = YES_ERROR;
				GCC_WARN_UNDECLARED_SELECTOR = YES;
				GCC_WARN_UNINITIALIZED_AUTOS = YES_AGGRESSIVE;
				GCC_WARN_UNUSED_FUNCTION = YES;
				GCC_WARN_UNUSED_VARIABLE = YES;
				IPHONEOS_DEPLOYMENT_TARGET = 10.0;
				MTL_ENABLE_DEBUG_INFO = NO;
				SDKROOT = iphoneos;
				SWIFT_OPTIMIZATION_LEVEL = "-Owholemodule";
				TARGETED_DEVICE_FAMILY = "1,2";
				VALIDATE_PRODUCT = YES;
			};
			name = Release;
		};
		CDE8E9171DADCF8F004FC6F2 /* Debug */ = {
			isa = XCBuildConfiguration;
			buildSettings = {
				ASSETCATALOG_COMPILER_APPICON_NAME = AppIcon;
				DEVELOPMENT_TEAM = 4R4HATU7N3;
				INFOPLIST_FILE = "World Socionics Society Sociotype Quiz/Info.plist";
				LD_RUNPATH_SEARCH_PATHS = "$(inherited) @executable_path/Frameworks";
				PRODUCT_BUNDLE_IDENTIFIER = "Patrick-Anderson.World-Socionics-Society-Sociotype-Quiz";
				PRODUCT_NAME = "$(TARGET_NAME)";
				SWIFT_VERSION = 3.0;
				TARGETED_DEVICE_FAMILY = "1,2";
			};
			name = Debug;
		};
		CDE8E9181DADCF8F004FC6F2 /* Release */ = {
			isa = XCBuildConfiguration;
			buildSettings = {
				ASSETCATALOG_COMPILER_APPICON_NAME = AppIcon;
				DEVELOPMENT_TEAM = 4R4HATU7N3;
				INFOPLIST_FILE = "World Socionics Society Sociotype Quiz/Info.plist";
				LD_RUNPATH_SEARCH_PATHS = "$(inherited) @executable_path/Frameworks";
				PRODUCT_BUNDLE_IDENTIFIER = "Patrick-Anderson.World-Socionics-Society-Sociotype-Quiz";
				PRODUCT_NAME = "$(TARGET_NAME)";
				SWIFT_VERSION = 3.0;
				TARGETED_DEVICE_FAMILY = "1,2";
			};
			name = Release;
		};
/* End XCBuildConfiguration section */

/* Begin XCConfigurationList section */
		CDE8E8FF1DADCF8F004FC6F2 /* Build configuration list for PBXProject "World Socionics Society Sociotype Quiz" */ = {
			isa = XCConfigurationList;
			buildConfigurations = (
				CDE8E9141DADCF8F004FC6F2 /* Debug */,
				CDE8E9151DADCF8F004FC6F2 /* Release */,
			);
			defaultConfigurationIsVisible = 0;
			defaultConfigurationName = Release;
		};
		CDE8E9161DADCF8F004FC6F2 /* Build configuration list for PBXNativeTarget "World Socionics Society Sociotype Quiz" */ = {
			isa = XCConfigurationList;
			buildConfigurations = (
				CDE8E9171DADCF8F004FC6F2 /* Debug */,
				CDE8E9181DADCF8F004FC6F2 /* Release */,
			);
			defaultConfigurationIsVisible = 0;
		};
/* End XCConfigurationList section */
	};
	rootObject = CDE8E8FC1DADCF8F004FC6F2 /* Project object */;
}
